# This file is autogenerated, do not edit; changes may be undone by the next 'dep ensure'.


[[projects]]
  digest = "1:7a190733c416011056297d7d47ba0cdf2fc75ea16f112e5203a4dca8da43f51b"
  name = "github.com/99designs/gqlgen"
  packages = [
    ".",
    "cmd",
    "codegen",
    "codegen/templates",
    "graphql",
    "graphql/introspection",
  ]
  pruneopts = "UT"
  revision = "6f6622c6b78098660f03d38fb8f0d459d428bdbe"
  version = "v0.4.4"

[[projects]]
  digest = "1:897d91c431ce469d35a5e6030e60e617dccd9a0e95bdffa6a80594f5c5800d29"
  name = "github.com/agnivade/levenshtein"
  packages = ["."]
  pruneopts = "UT"
  revision = "3d21ba515fe27b856f230847e856431ae1724adc"
  version = "v1.0.0"

[[projects]]
  digest = "1:0afa63759ae8c5aa13d813346e414e7ed3bde76a98f48b9ebe3272f5a5e2f7ec"
  name = "github.com/franela/goblin"
  packages = ["."]
  pruneopts = "UT"
  revision = "cd5d08fb4ede9eaac1812fdb513552e7404eae2e"
  version = "0.0.2"

[[projects]]
  digest = "1:b9914f85d95a0968bafd1be1908ba29e2eafafd88d6fd13696be42bf5368c380"
  name = "github.com/go-chi/chi"
  packages = ["."]
  pruneopts = "UT"
  revision = "b5294d10673813fac8558e7f47242bc9e61b4c25"
  version = "v3.3.3"

[[projects]]
  digest = "1:5b14f08247db438a2d11b77aff373b6536028673e38eab87fb5062e07b3b7487"
  name = "github.com/go-pg/pg"
  packages = [
    ".",
    "internal",
    "internal/parser",
    "internal/pool",
    "orm",
    "types",
  ]
  pruneopts = "UT"
  revision = "c0368cd6ee62269f0a5c3d6c9c02c6d192760bc6"
  version = "v6.14.3"

[[projects]]
  digest = "1:5d1b5a25486fc7d4e133646d834f6fca7ba1cef9903d40e7aa786c41b89e9e91"
  name = "github.com/golang/protobuf"
  packages = [
    "proto",
    "protoc-gen-go/descriptor",
    "ptypes",
    "ptypes/any",
    "ptypes/duration",
    "ptypes/timestamp",
  ]
  pruneopts = "UT"
  revision = "aa810b61a9c79d51363740d207bb46cf8e620ed5"
  version = "v1.2.0"

[[projects]]
  digest = "1:38ec74012390146c45af1f92d46e5382b50531247929ff3a685d2b2be65155ac"
  name = "github.com/gomodule/redigo"
  packages = [
    "internal",
    "redis",
  ]
  pruneopts = "UT"
  revision = "9c11da706d9b7902c6da69c592f75637793fe121"
  version = "v2.0.0"

[[projects]]
  digest = "1:cee8e8ac80df6373e7daa11baf1f98c1b6f7242c49ccae7e1ec34a971dc408d9"
  name = "github.com/gorilla/websocket"
  packages = ["."]
  pruneopts = "UT"
  revision = "3ff3320c2a1756a3691521efc290b4701575147c"
  version = "v1.3.0"

[[projects]]
  digest = "1:870d441fe217b8e689d7949fef6e43efbc787e50f200cb1e70dbca9204a1d6be"
  name = "github.com/inconshreveable/mousetrap"
  packages = ["."]
  pruneopts = "UT"
  revision = "76626ae9c91c4f2a10f34cad8ce83ea42c93bb75"
  version = "v1.0"

[[projects]]
  branch = "master"
  digest = "1:fd97437fbb6b7dce04132cf06775bd258cce305c44add58eb55ca86c6c325160"
  name = "github.com/jinzhu/inflection"
  packages = ["."]
  pruneopts = "UT"
  revision = "04140366298a54a039076d798123ffa108fff46c"

[[projects]]
  digest = "1:edbef42561faa44c19129b68d1e109fbc1647f63239250391eadc8d0e7c9f669"
  name = "github.com/kelseyhightower/envconfig"
  packages = ["."]
  pruneopts = "UT"
  revision = "f611eb38b3875cc3bd991ca91c51d06446afa14c"
  version = "v1.3.0"

[[projects]]
  digest = "1:8ef506fc2bb9ced9b151dafa592d4046063d744c646c1bbe801982ce87e4bc24"
  name = "github.com/lib/pq"
  packages = [
    ".",
    "oid",
  ]
  pruneopts = "UT"
  revision = "4ded0e9383f75c197b3a2aaa6d590ac52df6fd79"
  version = "v1.0.0"

[[projects]]
  branch = "master"
  digest = "1:645110e089152bd0f4a011a2648fbb0e4df5977be73ca605781157ac297f50c4"
  name = "github.com/mitchellh/mapstructure"
  packages = ["."]
  pruneopts = "UT"
  revision = "fa473d140ef3c6adf42d6b391fe76707f1f243c8"

[[projects]]
  digest = "1:40e195917a951a8bf867cd05de2a46aaf1806c50cf92eebf4c16f78cd196f747"
  name = "github.com/pkg/errors"
  packages = ["."]
  pruneopts = "UT"
  revision = "645ef00459ed84a119197bfb8d8205042c6df63d"
  version = "v0.8.0"

[[projects]]
  digest = "1:ae042b0dd6841b6df0b9ab2006a5ca7af46f0dc3d6d6a8e4649bd00ab15eaa3c"
  name = "github.com/robinjoseph08/go-pg-migrations"
  packages = ["."]
  pruneopts = "UT"
  revision = "389858665432c5014fdb2bb89b2c174c2a80156b"
  version = "v0.1.1"

[[projects]]
  digest = "1:8a3e7525dc0cf0236b163166800ecbc78d6c8c5d7ac956996e7b3bef8cfadc41"
  name = "github.com/segmentio/ksuid"
  packages = ["."]
  pruneopts = "UT"
  revision = "112f929a3020abfcd06b77c963ec919130796a35"
  version = "1.0.1"

[[projects]]
  digest = "1:645cabccbb4fa8aab25a956cbcbdf6a6845ca736b2c64e197ca7cbb9d210b939"
  name = "github.com/spf13/cobra"
  packages = ["."]
  pruneopts = "UT"
  revision = "ef82de70bb3f60c65fb8eebacbb2d122ef517385"
  version = "v0.0.3"

[[projects]]
  digest = "1:dab83a1bbc7ad3d7a6ba1a1cc1760f25ac38cdf7d96a5cdd55cd915a4f5ceaf9"
  name = "github.com/spf13/pflag"
  packages = ["."]
  pruneopts = "UT"
  revision = "9a97c102cda95a86cec2345a6f09f55a939babf5"
  version = "v1.0.2"

[[projects]]
  digest = "1:ac9b9680c595e5e4344341f7ccea0aaf2e858648711b41a4d68eddcb8fd769f2"
  name = "github.com/tinrab/retry"
  packages = ["."]
  pruneopts = "UT"
  revision = "e979fd9b1d7980d567dd50fc993d06f1fb17eac3"
  version = "v1.0.0"

[[projects]]
  digest = "1:0140126607294e195e814823563da49f32c7d12fddb47320baf0aa2c97de0198"
  name = "github.com/vektah/gqlgen"
  packages = [
    "client",
    "handler",
  ]
  pruneopts = "UT"
  revision = "6f6622c6b78098660f03d38fb8f0d459d428bdbe"
  version = "v0.4.4"

[[projects]]
  branch = "master"
  digest = "1:1ae7d9d18f0ea153eeaf8693863ae9ffb48a4801af9b34a266ff97956f2ee1d2"
  name = "github.com/vektah/gqlparser"
  packages = [
    ".",
    "ast",
    "gqlerror",
    "lexer",
    "parser",
    "validator",
    "validator/rules",
  ]
  pruneopts = "UT"
  revision = "d0fbd67c7fe908a304fbd2e2a625b397d793af41"

[[projects]]
  branch = "master"
  digest = "1:deafe4ab271911fec7de5b693d7faae3f38796d9eb8622e2b9e7df42bb3dfea9"
  name = "golang.org/x/net"
  packages = [
    "context",
    "http/httpguts",
    "http2",
    "http2/hpack",
    "idna",
    "internal/timeseries",
    "trace",
  ]
  pruneopts = "UT"
  revision = "faa378e6dbaed88bd8100f8bcf09939375c6e8fa"

[[projects]]
  branch = "master"
  digest = "1:4dcdb3f7c22f5f048de7c7ad5b72c4547d63bfb4923da15538d0051d553b2ef8"
  name = "golang.org/x/sys"
  packages = ["unix"]
  pruneopts = "UT"
  revision = "11551d06cbcc94edc80a0facaccbda56473c19c1"

[[projects]]
  digest = "1:a2ab62866c75542dd18d2b069fec854577a20211d7c0ea6ae746072a1dccdd18"
  name = "golang.org/x/text"
  packages = [
    "collate",
    "collate/build",
    "internal/colltab",
    "internal/gen",
    "internal/tag",
    "internal/triegen",
    "internal/ucd",
    "language",
    "secure/bidirule",
    "transform",
    "unicode/bidi",
    "unicode/cldr",
    "unicode/norm",
    "unicode/rangetable",
  ]
  pruneopts = "UT"
  revision = "f21a4dfb5e38f5895301dc265a8def02365cc3d0"
  version = "v0.3.0"

[[projects]]
  branch = "master"
  digest = "1:d22891f2d4a24a531ae01994abae377ec9d8a45ec8849aa95c27dc36014b8c24"
  name = "golang.org/x/tools"
  packages = [
    "go/ast/astutil",
    "go/buildutil",
    "go/internal/cgo",
    "go/loader",
    "imports",
    "internal/fastwalk",
  ]
  pruneopts = "UT"
  revision = "ff6c8c104af2168da09d225428803f855a80b1ce"

[[projects]]
  branch = "master"
  digest = "1:077c1c599507b3b3e9156d17d36e1e61928ee9b53a5b420f10f28ebd4a0b275c"
  name = "google.golang.org/genproto"
  packages = ["googleapis/rpc/status"]
  pruneopts = "UT"
  revision = "c66870c02cf823ceb633bcd05be3c7cda29976f4"

[[projects]]
  digest = "1:76332e947f184a2dc091db40f22c7089ada36bbc577793074639695af85a10fd"
  name = "google.golang.org/grpc"
  packages = [
    ".",
    "balancer",
    "balancer/base",
    "balancer/roundrobin",
    "codes",
    "connectivity",
    "credentials",
    "encoding",
    "encoding/proto",
    "grpclog",
    "internal",
    "internal/backoff",
    "internal/channelz",
    "internal/envconfig",
    "internal/grpcrand",
    "internal/transport",
    "keepalive",
    "metadata",
    "naming",
    "peer",
    "reflection",
    "reflection/grpc_reflection_v1alpha",
    "resolver",
    "resolver/dns",
    "resolver/passthrough",
    "stats",
    "status",
    "tap",
  ]
  pruneopts = "UT"
  revision = "32fb0ac620c32ba40a4626ddf94d90d12cce3455"
  version = "v1.14.0"

[[projects]]
  digest = "1:342378ac4dcb378a5448dd723f0784ae519383532f5e70ade24132c4c8693202"
  name = "gopkg.in/yaml.v2"
  packages = ["."]
  pruneopts = "UT"
  revision = "5420a8b6744d3b0345ab293f6fcba19c978f1183"
  version = "v2.2.1"

[solve-meta]
  analyzer-name = "dep"
  analyzer-version = 1
  input-imports = [
    "github.com/99designs/gqlgen",
    "github.com/99designs/gqlgen/graphql",
    "github.com/99designs/gqlgen/graphql/introspection",
    "github.com/franela/goblin",
    "github.com/go-chi/chi",
    "github.com/go-pg/pg",
    "github.com/go-pg/pg/orm",
    "github.com/golang/protobuf/proto",
    "github.com/gomodule/redigo/redis",
    "github.com/kelseyhightower/envconfig",
    "github.com/lib/pq",
    "github.com/robinjoseph08/go-pg-migrations",
    "github.com/segmentio/ksuid",
    "github.com/tinrab/retry",
    "github.com/vektah/gqlgen/client",
    "github.com/vektah/gqlgen/handler",
    "github.com/vektah/gqlparser",
    "github.com/vektah/gqlparser/ast",
    "golang.org/x/net/context",
    "google.golang.org/grpc",
    "google.golang.org/grpc/reflection",
  ]
  solver-name = "gps-cdcl"
  solver-version = 1
